
Microsoft Visual Studio Solution File, Format Version 12.00
# Visual Studio Version 17
VisualStudioVersion = 17.14.36327.8 d17.14
MinimumVisualStudioVersion = 10.0.40219.1
Project("{FAE04EC0-301F-11D3-BF4B-00C04F79EFBC}") = "GradeCalculator", "GradeCalculator.csproj", "{2D985E8B-9B12-4C4F-93DF-B97605849805}"
EndProject
Project("{FAE04EC0-301F-11D3-BF4B-00C04F79EFBC}") = "TicketPriceCalculator", "..\TicketPriceCalculator\TicketPriceCalculator.csproj", "{2250CBD0-8187-4C2E-9176-9634FDC78B5C}"
EndProject
Global
	GlobalSection(SolutionConfigurationPlatforms) = preSolution
		Debug|Any CPU = Debug|Any CPU
		Release|Any CPU = Release|Any CPU
	EndGlobalSection
	GlobalSection(ProjectConfigurationPlatforms) = postSolution
		{2D985E8B-9B12-4C4F-93DF-B97605849805}.Debug|Any CPU.ActiveCfg = Debug|Any CPU
		{2D985E8B-9B12-4C4F-93DF-B97605849805}.Debug|Any CPU.Build.0 = Debug|Any CPU
		{2D985E8B-9B12-4C4F-93DF-B97605849805}.Release|Any CPU.ActiveCfg = Release|Any CPU
		{2D985E8B-9B12-4C4F-93DF-B97605849805}.Release|Any CPU.Build.0 = Release|Any CPU
		{2250CBD0-8187-4C2E-9176-9634FDC78B5C}.Debug|Any CPU.ActiveCfg = Debug|Any CPU
		{2250CBD0-8187-4C2E-9176-9634FDC78B5C}.Debug|Any CPU.Build.0 = Debug|Any CPU
		{2250CBD0-8187-4C2E-9176-9634FDC78B5C}.Release|Any CPU.ActiveCfg = Release|Any CPU
		{2250CBD0-8187-4C2E-9176-9634FDC78B5C}.Release|Any CPU.Build.0 = Release|Any CPU
	EndGlobalSection
	GlobalSection(SolutionProperties) = preSolution
		HideSolutionNode = FALSE
	EndGlobalSection
	GlobalSection(ExtensibilityGlobals) = postSolution
		SolutionGuid = {A7D2C7C9-D1EB-406D-895F-C5420DCD6131}
	EndGlobalSection
EndGlobal
